# This file is automatically @generated by Poetry and should not be changed by hand.

[[package]]
name = "pycrypto"
version = "2.6.1"
description = "Cryptographic modules for Python."
category = "main"
optional = false
python-versions = "*"
files = [
    {file = "pycrypto-2.6.1.tar.gz", hash = "sha256:f2ce1e989b272cfcb677616763e0a2e7ec659effa67a88aa92b3a65528f60a3c"},
]

[metadata]
lock-version = "2.0"
python-versions = "^3.11"
content-hash = "55b96b6fa2d31e7b2b1f7197dbbee2f9d6964db3a490724111c23e69208063a8"
